
Microsoft Visual Studio Solution File, Format Version 12.00
# Visual Studio 2013
VisualStudioVersion = 12.0.21005.1
MinimumVisualStudioVersion = 10.0.40219.1
Project("{FAE04EC0-301F-11D3-BF4B-00C04F79EFBC}") = "MonsterSpell.UI", "MonsterSpell.UI\MonsterSpell.UI.csproj", "{12B91E87-1A1F-4AB7-BAF8-5C63BAB99C68}"
EndProject
Project("{FAE04EC0-301F-11D3-BF4B-00C04F79EFBC}") = "MonsterSpell.Core", "MonsterSpell.Core\MonsterSpell.Core.csproj", "{2DDF598C-87EB-4E74-8A03-632F730C91B1}"
EndProject
Project("{FAE04EC0-301F-11D3-BF4B-00C04F79EFBC}") = "MonsterSpell.Server", "MonsterSpell.Server\MonsterSpell.Server.csproj", "{C8204097-7DF8-4CA2-8F2E-FE91778C7ED9}"
EndProject
Global
	GlobalSection(SolutionConfigurationPlatforms) = preSolution
		Debug|Any CPU = Debug|Any CPU
		Release|Any CPU = Release|Any CPU
	EndGlobalSection
	GlobalSection(ProjectConfigurationPlatforms) = postSolution
		{12B91E87-1A1F-4AB7-BAF8-5C63BAB99C68}.Debug|Any CPU.ActiveCfg = Debug|Any CPU
		{12B91E87-1A1F-4AB7-BAF8-5C63BAB99C68}.Debug|Any CPU.Build.0 = Debug|Any CPU
		{12B91E87-1A1F-4AB7-BAF8-5C63BAB99C68}.Release|Any CPU.ActiveCfg = Release|Any CPU
		{12B91E87-1A1F-4AB7-BAF8-5C63BAB99C68}.Release|Any CPU.Build.0 = Release|Any CPU
		{2DDF598C-87EB-4E74-8A03-632F730C91B1}.Debug|Any CPU.ActiveCfg = Debug|Any CPU
		{2DDF598C-87EB-4E74-8A03-632F730C91B1}.Debug|Any CPU.Build.0 = Debug|Any CPU
		{2DDF598C-87EB-4E74-8A03-632F730C91B1}.Release|Any CPU.ActiveCfg = Release|Any CPU
		{2DDF598C-87EB-4E74-8A03-632F730C91B1}.Release|Any CPU.Build.0 = Release|Any CPU
		{C8204097-7DF8-4CA2-8F2E-FE91778C7ED9}.Debug|Any CPU.ActiveCfg = Debug|Any CPU
		{C8204097-7DF8-4CA2-8F2E-FE91778C7ED9}.Debug|Any CPU.Build.0 = Debug|Any CPU
		{C8204097-7DF8-4CA2-8F2E-FE91778C7ED9}.Release|Any CPU.ActiveCfg = Release|Any CPU
		{C8204097-7DF8-4CA2-8F2E-FE91778C7ED9}.Release|Any CPU.Build.0 = Release|Any CPU
	EndGlobalSection
	GlobalSection(SolutionProperties) = preSolution
		HideSolutionNode = FALSE
	EndGlobalSection
EndGlobal
